
Microsoft Visual Studio Solution File, Format Version 12.00
# Visual Studio Version 16
VisualStudioVersion = 16.0.32510.428
MinimumVisualStudioVersion = 10.0.40219.1
Project("{888888A0-9F3D-457C-B088-3A5042F75D52}") = "Calculadora de temperatura", "Calculadora de temperatura\Calculadora de temperatura.pyproj", "{ACF2B27D-38E5-4809-A597-47DCD5F4115D}"
EndProject
Global
	GlobalSection(SolutionConfigurationPlatforms) = preSolution
		Debug|Any CPU = Debug|Any CPU
		Release|Any CPU = Release|Any CPU
	EndGlobalSection
	GlobalSection(ProjectConfigurationPlatforms) = postSolution
		{ACF2B27D-38E5-4809-A597-47DCD5F4115D}.Debug|Any CPU.ActiveCfg = Debug|Any CPU
		{ACF2B27D-38E5-4809-A597-47DCD5F4115D}.Release|Any CPU.ActiveCfg = Release|Any CPU
	EndGlobalSection
	GlobalSection(SolutionProperties) = preSolution
		HideSolutionNode = FALSE
	EndGlobalSection
	GlobalSection(ExtensibilityGlobals) = postSolution
		SolutionGuid = {C038019E-53F6-4D3E-AB24-716AE475F1FF}
	EndGlobalSection
EndGlobal
